
Microsoft Visual Studio Solution File, Format Version 12.00
# Visual Studio Version 16
VisualStudioVersion = 16.0.31112.23
MinimumVisualStudioVersion = 10.0.40219.1
Project("{FAE04EC0-301F-11D3-BF4B-00C04F79EFBC}") = "CaesarCipherGui", "CaesarCipherGui.csproj", "{49D75659-701C-47EB-A5C0-C32CE9003412}"
EndProject
Global
	GlobalSection(SolutionConfigurationPlatforms) = preSolution
		Debug|Any CPU = Debug|Any CPU
		Release|Any CPU = Release|Any CPU
	EndGlobalSection
	GlobalSection(ProjectConfigurationPlatforms) = postSolution
		{49D75659-701C-47EB-A5C0-C32CE9003412}.Debug|Any CPU.ActiveCfg = Debug|Any CPU
		{49D75659-701C-47EB-A5C0-C32CE9003412}.Debug|Any CPU.Build.0 = Debug|Any CPU
		{49D75659-701C-47EB-A5C0-C32CE9003412}.Release|Any CPU.ActiveCfg = Release|Any CPU
		{49D75659-701C-47EB-A5C0-C32CE9003412}.Release|Any CPU.Build.0 = Release|Any CPU
	EndGlobalSection
	GlobalSection(SolutionProperties) = preSolution
		HideSolutionNode = FALSE
	EndGlobalSection
	GlobalSection(ExtensibilityGlobals) = postSolution
		SolutionGuid = {9F1EE7FE-B1EB-4183-A5BE-DA36864D431A}
	EndGlobalSection
EndGlobal
